
Microsoft Visual Studio Solution File, Format Version 12.00
# Visual Studio Version 16
VisualStudioVersion = 16.0.32901.82
MinimumVisualStudioVersion = 10.0.40219.1
Project("{FAE04EC0-301F-11D3-BF4B-00C04F79EFBC}") = "HelloWorld_DeBord_Joshua", "HelloWorld_DeBord_Joshua.csproj", "{F7BADC6E-7B0E-4FE3-9CEE-D46C93AD9732}"
EndProject
Global
	GlobalSection(SolutionConfigurationPlatforms) = preSolution
		Debug|Any CPU = Debug|Any CPU
		Release|Any CPU = Release|Any CPU
	EndGlobalSection
	GlobalSection(ProjectConfigurationPlatforms) = postSolution
		{F7BADC6E-7B0E-4FE3-9CEE-D46C93AD9732}.Debug|Any CPU.ActiveCfg = Debug|Any CPU
		{F7BADC6E-7B0E-4FE3-9CEE-D46C93AD9732}.Debug|Any CPU.Build.0 = Debug|Any CPU
		{F7BADC6E-7B0E-4FE3-9CEE-D46C93AD9732}.Release|Any CPU.ActiveCfg = Release|Any CPU
		{F7BADC6E-7B0E-4FE3-9CEE-D46C93AD9732}.Release|Any CPU.Build.0 = Release|Any CPU
	EndGlobalSection
	GlobalSection(SolutionProperties) = preSolution
		HideSolutionNode = FALSE
	EndGlobalSection
	GlobalSection(ExtensibilityGlobals) = postSolution
		SolutionGuid = {A8612533-0F4B-4268-94E5-16E3D5BEAC7C}
	EndGlobalSection
EndGlobal
